{
  "name": "pog-coder-vibe",
  "version": "1.0.0",
  "lockfileVersion": 3,
  "requires": true,
  "packages": {
    "": {
      "name": "pog-coder-vibe",
      "version": "1.0.0",
      "dependencies": {
        "pog-coder-vibe": "file:.."
      },
      "devDependencies": {
        "@types/node": "^20.14.0",
        "@types/vscode": "^1.85.0",
        "typescript": "^5.6.2"
      },
      "engines": {
        "vscode": "^1.85.0"
      }
    },
    "..": {
      "name": "pog-coder-vibe",
      "version": "1.0.0",
      "license": "MIT",
      "dependencies": {
        "@google/genai": "^1.36.0",
        "chokidar": "^3.6.0",
        "diff": "^8.0.3",
        "dotenv": "^17.2.3",
        "globby": "^14.0.2",
        "ignore": "^7.0.5",
        "pino": "^8.19.0",
        "pino-pretty": "^10.3.1",
        "prompts": "^2.4.2",
        "simple-git": "^3.30.0",
        "sqlite3": "^5.1.7",
        "tree-sitter": "^0.21.1",
        "tree-sitter-typescript": "^0.21.2",
        "ws": "^8.18.0",
        "zod": "^3.23.8"
      },
      "devDependencies": {
        "@types/jest": "^30.0.0",
        "@types/node": "^20.14.0",
        "@types/prompts": "^2.4.9",
        "@types/sqlite3": "^3.1.11",
        "@types/ws": "^8.5.12",
        "@typescript-eslint/eslint-plugin": "^6.21.0",
        "@typescript-eslint/parser": "^6.21.0",
        "@vscode/vsce": "^3.0.0",
        "esbuild": "^0.27.2",
        "eslint": "^8.56.0",
        "husky": "^8.0.3",
        "jest": "^29.7.0",
        "ts-jest": "^29.4.6",
        "tsx": "^4.19.1",
        "typescript": "^5.6.2",
        "vitest": "^4.0.17"
      },
      "engines": {
        "node": ">=20.0.0"
      }
    },
    "node_modules/@types/node": {
      "version": "20.19.30",
      "resolved": "https://registry.npmjs.org/@types/node/-/node-20.19.30.tgz",
      "integrity": "sha512-WJtwWJu7UdlvzEAUm484QNg5eAoq5QR08KDNx7g45Usrs2NtOPiX8ugDqmKdXkyL03rBqU5dYNYVQetEpBHq2g==",
      "dev": true,
      "license": "MIT",
      "dependencies": {
        "undici-types": "~6.21.0"
      }
    },
    "node_modules/@types/vscode": {
      "version": "1.108.1",
      "resolved": "https://registry.npmjs.org/@types/vscode/-/vscode-1.108.1.tgz",
      "integrity": "sha512-DerV0BbSzt87TbrqmZ7lRDIYaMiqvP8tmJTzW2p49ZBVtGUnGAu2RGQd1Wv4XMzEVUpaHbsemVM5nfuQJj7H6w==",
      "dev": true,
      "license": "MIT"
    },
    "node_modules/pog-coder-vibe": {
      "resolved": "..",
      "link": true
    },
    "node_modules/typescript": {
      "version": "5.9.3",
      "resolved": "https://registry.npmjs.org/typescript/-/typescript-5.9.3.tgz",
      "integrity": "sha512-jl1vZzPDinLr9eUt3J/t7V6FgNEw9QjvBPdysz9KfQDD41fQrC2Y4vKQdiaUpFT4bXlb1RHhLpp8wtm6M5TgSw==",
      "dev": true,
      "license": "Apache-2.0",
      "bin": {
        "tsc": "bin/tsc",
        "tsserver": "bin/tsserver"
      },
      "engines": {
        "node": ">=14.17"
      }
    },
    "node_modules/undici-types": {
      "version": "6.21.0",
      "resolved": "https://registry.npmjs.org/undici-types/-/undici-types-6.21.0.tgz",
      "integrity": "sha512-iwDZqg0QAGrg9Rav5H4n0M64c3mkR59cJ6wQp+7C4nI0gsmExaedaYLNO44eT4AtBBwjbTiGPMlt2Md0T9H9JQ==",
      "dev": true,
      "license": "MIT"
    }
  }
}
